
Microsoft Visual Studio Solution File, Format Version 12.00
# Visual Studio 15
VisualStudioVersion = 15.0.26430.6
MinimumVisualStudioVersion = 10.0.40219.1
Project("{2150E333-8FDC-42A3-9474-1A3956D46DE8}") = "Web", "Web", "{C9DC4B00-ADA6-43DE-B5AD-FF9BCE0FD179}"
EndProject
Project("{2150E333-8FDC-42A3-9474-1A3956D46DE8}") = "Libraries", "Libraries", "{461A68E3-4509-4AA9-A86D-8618DC59B767}"
EndProject
Project("{FAE04EC0-301F-11D3-BF4B-00C04F79EFBC}") = "MyECommerce.Core", "MyECommerce.Core\MyECommerce.Core.csproj", "{E1F10EAB-E164-4CE8-96FE-39B3D8049DFB}"
EndProject
Project("{FAE04EC0-301F-11D3-BF4B-00C04F79EFBC}") = "MyECommerce.DataLayer", "MyECommerce.DataLayer\MyECommerce.DataLayer.csproj", "{F7621DAE-5093-485E-98B3-90853D9DB522}"
EndProject
Project("{FAE04EC0-301F-11D3-BF4B-00C04F79EFBC}") = "MyECommerce.Entities", "MyECommerce.Entities\MyECommerce.Entities.csproj", "{B98A972D-5A44-486F-95B9-FB2FBF896CED}"
EndProject
Project("{FAE04EC0-301F-11D3-BF4B-00C04F79EFBC}") = "MyECommerce.AdminApplication", "MyECommerce.AdminApplication\MyECommerce.AdminApplication.csproj", "{D5E15BB3-CDEF-4D5C-856A-C44CAADAA0CD}"
EndProject
Project("{FAE04EC0-301F-11D3-BF4B-00C04F79EFBC}") = "MyECommerce.Business", "MyECommerce.Business\MyECommerce.Business.csproj", "{728D7548-FD63-4548-A91D-7A4CC0A99072}"
EndProject
Project("{FAE04EC0-301F-11D3-BF4B-00C04F79EFBC}") = "MyECommerce.WebApplication", "MyECommerce.WebApplication\MyECommerce.WebApplication.csproj", "{639FEF9E-7B3C-48FF-A7E9-A6DC140DA38A}"
EndProject
Project("{2150E333-8FDC-42A3-9474-1A3956D46DE8}") = "DatabaseBackup", "DatabaseBackup", "{65EA07A4-C30C-4AAD-84B8-C52CD14B5322}"
	ProjectSection(SolutionItems) = preProject
		DatabaseBackup\MyECommerce.bak = DatabaseBackup\MyECommerce.bak
		DatabaseBackup\MyECommerceScript.sql = DatabaseBackup\MyECommerceScript.sql
	EndProjectSection
EndProject
Global
	GlobalSection(SolutionConfigurationPlatforms) = preSolution
		Debug|Any CPU = Debug|Any CPU
		Release|Any CPU = Release|Any CPU
	EndGlobalSection
	GlobalSection(ProjectConfigurationPlatforms) = postSolution
		{E1F10EAB-E164-4CE8-96FE-39B3D8049DFB}.Debug|Any CPU.ActiveCfg = Debug|Any CPU
		{E1F10EAB-E164-4CE8-96FE-39B3D8049DFB}.Debug|Any CPU.Build.0 = Debug|Any CPU
		{E1F10EAB-E164-4CE8-96FE-39B3D8049DFB}.Release|Any CPU.ActiveCfg = Release|Any CPU
		{E1F10EAB-E164-4CE8-96FE-39B3D8049DFB}.Release|Any CPU.Build.0 = Release|Any CPU
		{F7621DAE-5093-485E-98B3-90853D9DB522}.Debug|Any CPU.ActiveCfg = Debug|Any CPU
		{F7621DAE-5093-485E-98B3-90853D9DB522}.Debug|Any CPU.Build.0 = Debug|Any CPU
		{F7621DAE-5093-485E-98B3-90853D9DB522}.Release|Any CPU.ActiveCfg = Release|Any CPU
		{F7621DAE-5093-485E-98B3-90853D9DB522}.Release|Any CPU.Build.0 = Release|Any CPU
		{B98A972D-5A44-486F-95B9-FB2FBF896CED}.Debug|Any CPU.ActiveCfg = Debug|Any CPU
		{B98A972D-5A44-486F-95B9-FB2FBF896CED}.Debug|Any CPU.Build.0 = Debug|Any CPU
		{B98A972D-5A44-486F-95B9-FB2FBF896CED}.Release|Any CPU.ActiveCfg = Release|Any CPU
		{B98A972D-5A44-486F-95B9-FB2FBF896CED}.Release|Any CPU.Build.0 = Release|Any CPU
		{D5E15BB3-CDEF-4D5C-856A-C44CAADAA0CD}.Debug|Any CPU.ActiveCfg = Debug|Any CPU
		{D5E15BB3-CDEF-4D5C-856A-C44CAADAA0CD}.Debug|Any CPU.Build.0 = Debug|Any CPU
		{D5E15BB3-CDEF-4D5C-856A-C44CAADAA0CD}.Release|Any CPU.ActiveCfg = Release|Any CPU
		{D5E15BB3-CDEF-4D5C-856A-C44CAADAA0CD}.Release|Any CPU.Build.0 = Release|Any CPU
		{728D7548-FD63-4548-A91D-7A4CC0A99072}.Debug|Any CPU.ActiveCfg = Debug|Any CPU
		{728D7548-FD63-4548-A91D-7A4CC0A99072}.Debug|Any CPU.Build.0 = Debug|Any CPU
		{728D7548-FD63-4548-A91D-7A4CC0A99072}.Release|Any CPU.ActiveCfg = Release|Any CPU
		{728D7548-FD63-4548-A91D-7A4CC0A99072}.Release|Any CPU.Build.0 = Release|Any CPU
		{639FEF9E-7B3C-48FF-A7E9-A6DC140DA38A}.Debug|Any CPU.ActiveCfg = Debug|Any CPU
		{639FEF9E-7B3C-48FF-A7E9-A6DC140DA38A}.Debug|Any CPU.Build.0 = Debug|Any CPU
		{639FEF9E-7B3C-48FF-A7E9-A6DC140DA38A}.Release|Any CPU.ActiveCfg = Release|Any CPU
		{639FEF9E-7B3C-48FF-A7E9-A6DC140DA38A}.Release|Any CPU.Build.0 = Release|Any CPU
	EndGlobalSection
	GlobalSection(SolutionProperties) = preSolution
		HideSolutionNode = FALSE
	EndGlobalSection
	GlobalSection(NestedProjects) = preSolution
		{E1F10EAB-E164-4CE8-96FE-39B3D8049DFB} = {461A68E3-4509-4AA9-A86D-8618DC59B767}
		{F7621DAE-5093-485E-98B3-90853D9DB522} = {461A68E3-4509-4AA9-A86D-8618DC59B767}
		{B98A972D-5A44-486F-95B9-FB2FBF896CED} = {461A68E3-4509-4AA9-A86D-8618DC59B767}
		{D5E15BB3-CDEF-4D5C-856A-C44CAADAA0CD} = {C9DC4B00-ADA6-43DE-B5AD-FF9BCE0FD179}
		{728D7548-FD63-4548-A91D-7A4CC0A99072} = {461A68E3-4509-4AA9-A86D-8618DC59B767}
		{639FEF9E-7B3C-48FF-A7E9-A6DC140DA38A} = {C9DC4B00-ADA6-43DE-B5AD-FF9BCE0FD179}
	EndGlobalSection
EndGlobal
